
Microsoft Visual Studio Solution File, Format Version 12.00
# Visual Studio Version 16
VisualStudioVersion = 16.0.31005.135
MinimumVisualStudioVersion = 10.0.40219.1
Project("{8BC9CEB8-8B4A-11D0-8D11-00A0C91BC942}") = "LongestK-GoodSegment", "LongestK-GoodSegment\LongestK-GoodSegment.vcxproj", "{801B4DC6-7D76-4262-B023-24ED40C6593E}"
EndProject
Global
	GlobalSection(SolutionConfigurationPlatforms) = preSolution
		Debug|x64 = Debug|x64
		Debug|x86 = Debug|x86
		Release|x64 = Release|x64
		Release|x86 = Release|x86
	EndGlobalSection
	GlobalSection(ProjectConfigurationPlatforms) = postSolution
		{801B4DC6-7D76-4262-B023-24ED40C6593E}.Debug|x64.ActiveCfg = Debug|x64
		{801B4DC6-7D76-4262-B023-24ED40C6593E}.Debug|x64.Build.0 = Debug|x64
		{801B4DC6-7D76-4262-B023-24ED40C6593E}.Debug|x86.ActiveCfg = Debug|Win32
		{801B4DC6-7D76-4262-B023-24ED40C6593E}.Debug|x86.Build.0 = Debug|Win32
		{801B4DC6-7D76-4262-B023-24ED40C6593E}.Release|x64.ActiveCfg = Release|x64
		{801B4DC6-7D76-4262-B023-24ED40C6593E}.Release|x64.Build.0 = Release|x64
		{801B4DC6-7D76-4262-B023-24ED40C6593E}.Release|x86.ActiveCfg = Release|Win32
		{801B4DC6-7D76-4262-B023-24ED40C6593E}.Release|x86.Build.0 = Release|Win32
	EndGlobalSection
	GlobalSection(SolutionProperties) = preSolution
		HideSolutionNode = FALSE
	EndGlobalSection
	GlobalSection(ExtensibilityGlobals) = postSolution
		SolutionGuid = {BF4DC377-FB35-461C-A49D-19C369DC109C}
	EndGlobalSection
EndGlobal
