
Microsoft Visual Studio Solution File, Format Version 12.00
# Visual Studio Version 16
VisualStudioVersion = 16.0.31005.135
MinimumVisualStudioVersion = 10.0.40219.1
Project("{8BC9CEB8-8B4A-11D0-8D11-00A0C91BC942}") = "NastiaPlaysWithATree", "NastiaPlaysWithATree\NastiaPlaysWithATree.vcxproj", "{85544B89-AE1E-4698-9464-C8CB3744FB08}"
EndProject
Global
	GlobalSection(SolutionConfigurationPlatforms) = preSolution
		Debug|x64 = Debug|x64
		Debug|x86 = Debug|x86
		Release|x64 = Release|x64
		Release|x86 = Release|x86
	EndGlobalSection
	GlobalSection(ProjectConfigurationPlatforms) = postSolution
		{85544B89-AE1E-4698-9464-C8CB3744FB08}.Debug|x64.ActiveCfg = Debug|x64
		{85544B89-AE1E-4698-9464-C8CB3744FB08}.Debug|x64.Build.0 = Debug|x64
		{85544B89-AE1E-4698-9464-C8CB3744FB08}.Debug|x86.ActiveCfg = Debug|Win32
		{85544B89-AE1E-4698-9464-C8CB3744FB08}.Debug|x86.Build.0 = Debug|Win32
		{85544B89-AE1E-4698-9464-C8CB3744FB08}.Release|x64.ActiveCfg = Release|x64
		{85544B89-AE1E-4698-9464-C8CB3744FB08}.Release|x64.Build.0 = Release|x64
		{85544B89-AE1E-4698-9464-C8CB3744FB08}.Release|x86.ActiveCfg = Release|Win32
		{85544B89-AE1E-4698-9464-C8CB3744FB08}.Release|x86.Build.0 = Release|Win32
	EndGlobalSection
	GlobalSection(SolutionProperties) = preSolution
		HideSolutionNode = FALSE
	EndGlobalSection
	GlobalSection(ExtensibilityGlobals) = postSolution
		SolutionGuid = {E94A463C-7DF5-4063-99F4-36DA0C66E647}
	EndGlobalSection
EndGlobal
