
Microsoft Visual Studio Solution File, Format Version 12.00
# Visual Studio Version 16
VisualStudioVersion = 16.0.31005.135
MinimumVisualStudioVersion = 10.0.40219.1
Project("{8BC9CEB8-8B4A-11D0-8D11-00A0C91BC942}") = "USACOG2018", "USACOG2018\USACOG2018.vcxproj", "{2A04F59F-A618-4D13-8992-9F067AFB26E6}"
EndProject
Global
	GlobalSection(SolutionConfigurationPlatforms) = preSolution
		Debug|x64 = Debug|x64
		Debug|x86 = Debug|x86
		Release|x64 = Release|x64
		Release|x86 = Release|x86
	EndGlobalSection
	GlobalSection(ProjectConfigurationPlatforms) = postSolution
		{2A04F59F-A618-4D13-8992-9F067AFB26E6}.Debug|x64.ActiveCfg = Debug|x64
		{2A04F59F-A618-4D13-8992-9F067AFB26E6}.Debug|x64.Build.0 = Debug|x64
		{2A04F59F-A618-4D13-8992-9F067AFB26E6}.Debug|x86.ActiveCfg = Debug|Win32
		{2A04F59F-A618-4D13-8992-9F067AFB26E6}.Debug|x86.Build.0 = Debug|Win32
		{2A04F59F-A618-4D13-8992-9F067AFB26E6}.Release|x64.ActiveCfg = Release|x64
		{2A04F59F-A618-4D13-8992-9F067AFB26E6}.Release|x64.Build.0 = Release|x64
		{2A04F59F-A618-4D13-8992-9F067AFB26E6}.Release|x86.ActiveCfg = Release|Win32
		{2A04F59F-A618-4D13-8992-9F067AFB26E6}.Release|x86.Build.0 = Release|Win32
	EndGlobalSection
	GlobalSection(SolutionProperties) = preSolution
		HideSolutionNode = FALSE
	EndGlobalSection
	GlobalSection(ExtensibilityGlobals) = postSolution
		SolutionGuid = {AE8FDD42-A18A-4A24-BB54-671D5B30B65A}
	EndGlobalSection
EndGlobal
