
Microsoft Visual Studio Solution File, Format Version 12.00
# Visual Studio Version 16
VisualStudioVersion = 16.0.31005.135
MinimumVisualStudioVersion = 10.0.40219.1
Project("{8BC9CEB8-8B4A-11D0-8D11-00A0C91BC942}") = "MedianMaximization", "MedianMaximization\MedianMaximization.vcxproj", "{F50BF4D0-BF77-4118-AA13-89BFD86C012A}"
EndProject
Global
	GlobalSection(SolutionConfigurationPlatforms) = preSolution
		Debug|x64 = Debug|x64
		Debug|x86 = Debug|x86
		Release|x64 = Release|x64
		Release|x86 = Release|x86
	EndGlobalSection
	GlobalSection(ProjectConfigurationPlatforms) = postSolution
		{F50BF4D0-BF77-4118-AA13-89BFD86C012A}.Debug|x64.ActiveCfg = Debug|x64
		{F50BF4D0-BF77-4118-AA13-89BFD86C012A}.Debug|x64.Build.0 = Debug|x64
		{F50BF4D0-BF77-4118-AA13-89BFD86C012A}.Debug|x86.ActiveCfg = Debug|Win32
		{F50BF4D0-BF77-4118-AA13-89BFD86C012A}.Debug|x86.Build.0 = Debug|Win32
		{F50BF4D0-BF77-4118-AA13-89BFD86C012A}.Release|x64.ActiveCfg = Release|x64
		{F50BF4D0-BF77-4118-AA13-89BFD86C012A}.Release|x64.Build.0 = Release|x64
		{F50BF4D0-BF77-4118-AA13-89BFD86C012A}.Release|x86.ActiveCfg = Release|Win32
		{F50BF4D0-BF77-4118-AA13-89BFD86C012A}.Release|x86.Build.0 = Release|Win32
	EndGlobalSection
	GlobalSection(SolutionProperties) = preSolution
		HideSolutionNode = FALSE
	EndGlobalSection
	GlobalSection(ExtensibilityGlobals) = postSolution
		SolutionGuid = {81BF460D-E96D-4F56-B0C0-DE8860BA43ED}
	EndGlobalSection
EndGlobal
